
Microsoft Visual Studio Solution File, Format Version 12.00
# Visual Studio 14
VisualStudioVersion = 14.0.25123.0
MinimumVisualStudioVersion = 10.0.40219.1
Project("{F14B399A-7131-4C87-9E4B-1186C45EF12D}") = "tutorial", "tutorial\tutorial.rptproj", "{5C8875B9-94AF-4F93-8E4E-5C0FA5B5B526}"
EndProject
Global
	GlobalSection(SolutionConfigurationPlatforms) = preSolution
		Debug|Default = Debug|Default
		DebugLocal|Default = DebugLocal|Default
		Release|Default = Release|Default
	EndGlobalSection
	GlobalSection(ProjectConfigurationPlatforms) = postSolution
		{5C8875B9-94AF-4F93-8E4E-5C0FA5B5B526}.Debug|Default.ActiveCfg = Debug
		{5C8875B9-94AF-4F93-8E4E-5C0FA5B5B526}.Debug|Default.Build.0 = Debug
		{5C8875B9-94AF-4F93-8E4E-5C0FA5B5B526}.Debug|Default.Deploy.0 = Debug
		{5C8875B9-94AF-4F93-8E4E-5C0FA5B5B526}.DebugLocal|Default.ActiveCfg = DebugLocal
		{5C8875B9-94AF-4F93-8E4E-5C0FA5B5B526}.DebugLocal|Default.Build.0 = DebugLocal
		{5C8875B9-94AF-4F93-8E4E-5C0FA5B5B526}.Release|Default.ActiveCfg = Release
		{5C8875B9-94AF-4F93-8E4E-5C0FA5B5B526}.Release|Default.Build.0 = Release
		{5C8875B9-94AF-4F93-8E4E-5C0FA5B5B526}.Release|Default.Deploy.0 = Release
	EndGlobalSection
	GlobalSection(SolutionProperties) = preSolution
		HideSolutionNode = FALSE
	EndGlobalSection
EndGlobal
