
Microsoft Visual Studio Solution File, Format Version 12.00
# Visual Studio 14
VisualStudioVersion = 14.0.25123.0
MinimumVisualStudioVersion = 10.0.40219.1
Project("{FAE04EC0-301F-11D3-BF4B-00C04F79EFBC}") = "FinalDrill", "FinalDrill\FinalDrill.csproj", "{A6D072E8-FACF-4453-932A-0707B53BF2CC}"
EndProject
Global
	GlobalSection(SolutionConfigurationPlatforms) = preSolution
		Debug|Any CPU = Debug|Any CPU
		Release|Any CPU = Release|Any CPU
	EndGlobalSection
	GlobalSection(ProjectConfigurationPlatforms) = postSolution
		{A6D072E8-FACF-4453-932A-0707B53BF2CC}.Debug|Any CPU.ActiveCfg = Debug|Any CPU
		{A6D072E8-FACF-4453-932A-0707B53BF2CC}.Debug|Any CPU.Build.0 = Debug|Any CPU
		{A6D072E8-FACF-4453-932A-0707B53BF2CC}.Release|Any CPU.ActiveCfg = Release|Any CPU
		{A6D072E8-FACF-4453-932A-0707B53BF2CC}.Release|Any CPU.Build.0 = Release|Any CPU
	EndGlobalSection
	GlobalSection(SolutionProperties) = preSolution
		HideSolutionNode = FALSE
	EndGlobalSection
EndGlobal
