
Microsoft Visual Studio Solution File, Format Version 12.00
# Visual Studio 14
VisualStudioVersion = 14.0.25123.0
MinimumVisualStudioVersion = 10.0.40219.1
Project("{FAE04EC0-301F-11D3-BF4B-00C04F79EFBC}") = "TryCatchFinally", "TryCatchFinally\TryCatchFinally.csproj", "{B4768DEA-344C-45E8-A454-DC3223E4862C}"
EndProject
Global
	GlobalSection(SolutionConfigurationPlatforms) = preSolution
		Debug|Any CPU = Debug|Any CPU
		Release|Any CPU = Release|Any CPU
	EndGlobalSection
	GlobalSection(ProjectConfigurationPlatforms) = postSolution
		{B4768DEA-344C-45E8-A454-DC3223E4862C}.Debug|Any CPU.ActiveCfg = Debug|Any CPU
		{B4768DEA-344C-45E8-A454-DC3223E4862C}.Debug|Any CPU.Build.0 = Debug|Any CPU
		{B4768DEA-344C-45E8-A454-DC3223E4862C}.Release|Any CPU.ActiveCfg = Release|Any CPU
		{B4768DEA-344C-45E8-A454-DC3223E4862C}.Release|Any CPU.Build.0 = Release|Any CPU
	EndGlobalSection
	GlobalSection(SolutionProperties) = preSolution
		HideSolutionNode = FALSE
	EndGlobalSection
EndGlobal
