
Microsoft Visual Studio Solution File, Format Version 12.00
# Visual Studio 14
VisualStudioVersion = 14.0.25123.0
MinimumVisualStudioVersion = 10.0.40219.1
Project("{FAE04EC0-301F-11D3-BF4B-00C04F79EFBC}") = "Csharp Drill 1", "Csharp Drill 1\Csharp Drill 1.csproj", "{54213B3E-BFF8-4A4F-B552-E81F46E19BA0}"
EndProject
Project("{FAE04EC0-301F-11D3-BF4B-00C04F79EFBC}") = "Overriding", "Overriding\Overriding.csproj", "{584ED0E1-3EAB-4AF9-A2E0-D76C1A9997DF}"
EndProject
Global
	GlobalSection(SolutionConfigurationPlatforms) = preSolution
		Debug|Any CPU = Debug|Any CPU
		Release|Any CPU = Release|Any CPU
	EndGlobalSection
	GlobalSection(ProjectConfigurationPlatforms) = postSolution
		{54213B3E-BFF8-4A4F-B552-E81F46E19BA0}.Debug|Any CPU.ActiveCfg = Debug|Any CPU
		{54213B3E-BFF8-4A4F-B552-E81F46E19BA0}.Debug|Any CPU.Build.0 = Debug|Any CPU
		{54213B3E-BFF8-4A4F-B552-E81F46E19BA0}.Release|Any CPU.ActiveCfg = Release|Any CPU
		{54213B3E-BFF8-4A4F-B552-E81F46E19BA0}.Release|Any CPU.Build.0 = Release|Any CPU
		{584ED0E1-3EAB-4AF9-A2E0-D76C1A9997DF}.Debug|Any CPU.ActiveCfg = Debug|Any CPU
		{584ED0E1-3EAB-4AF9-A2E0-D76C1A9997DF}.Debug|Any CPU.Build.0 = Debug|Any CPU
		{584ED0E1-3EAB-4AF9-A2E0-D76C1A9997DF}.Release|Any CPU.ActiveCfg = Release|Any CPU
		{584ED0E1-3EAB-4AF9-A2E0-D76C1A9997DF}.Release|Any CPU.Build.0 = Release|Any CPU
	EndGlobalSection
	GlobalSection(SolutionProperties) = preSolution
		HideSolutionNode = FALSE
	EndGlobalSection
EndGlobal
