
Microsoft Visual Studio Solution File, Format Version 12.00
# Visual Studio 14
VisualStudioVersion = 14.0.25123.0
MinimumVisualStudioVersion = 10.0.40219.1
Project("{FAE04EC0-301F-11D3-BF4B-00C04F79EFBC}") = "Drill2", "Drill2\Drill2.csproj", "{86F6D81D-B4E6-4123-B9F8-0C2FF2D4F9B9}"
EndProject
Global
	GlobalSection(SolutionConfigurationPlatforms) = preSolution
		Debug|Any CPU = Debug|Any CPU
		Release|Any CPU = Release|Any CPU
	EndGlobalSection
	GlobalSection(ProjectConfigurationPlatforms) = postSolution
		{86F6D81D-B4E6-4123-B9F8-0C2FF2D4F9B9}.Debug|Any CPU.ActiveCfg = Debug|Any CPU
		{86F6D81D-B4E6-4123-B9F8-0C2FF2D4F9B9}.Debug|Any CPU.Build.0 = Debug|Any CPU
		{86F6D81D-B4E6-4123-B9F8-0C2FF2D4F9B9}.Release|Any CPU.ActiveCfg = Release|Any CPU
		{86F6D81D-B4E6-4123-B9F8-0C2FF2D4F9B9}.Release|Any CPU.Build.0 = Release|Any CPU
	EndGlobalSection
	GlobalSection(SolutionProperties) = preSolution
		HideSolutionNode = FALSE
	EndGlobalSection
EndGlobal
